// !$*UTF8*$!
{
	archiveVersion = 1;
	classes = {
	};
	objectVersion = 56;
	objects = {

/* Begin PBXBuildFile section */
		D024AF5F2D267F9B00D37210 /* OnboardingViewController.swift in Sources */ = {isa = PBXBuildFile; fileRef = D024AF5E2D267F9B00D37210 /* OnboardingViewController.swift */; };
		D024AF612D267FFE00D37210 /* LoginViewController.swift in Sources */ = {isa = PBXBuildFile; fileRef = D024AF602D267FFE00D37210 /* LoginViewController.swift */; };
		D02D587E2D4254890006E688 /* CatcherGameViewController.swift in Sources */ = {isa = PBXBuildFile; fileRef = D02D587D2D4254890006E688 /* CatcherGameViewController.swift */; };
		D02D58802D4254FC0006E688 /* QuizGameViewController.swift in Sources */ = {isa = PBXBuildFile; fileRef = D02D587F2D4254FC0006E688 /* QuizGameViewController.swift */; };
		D02D58822D42562D0006E688 /* MiniGamesViewController.swift in Sources */ = {isa = PBXBuildFile; fileRef = D02D58812D42562D0006E688 /* MiniGamesViewController.swift */; };
		D06042F82D3B202000494D80 /* LeaderboardViewController.swift in Sources */ = {isa = PBXBuildFile; fileRef = D06042F72D3B202000494D80 /* LeaderboardViewController.swift */; };
		D06042FA2D3B21A500494D80 /* GoogleService-Info.plist in Resources */ = {isa = PBXBuildFile; fileRef = D06042F92D3B21A500494D80 /* GoogleService-Info.plist */; };
		D06042FC2D3B269F00494D80 /* ResourcesViewController.swift in Sources */ = {isa = PBXBuildFile; fileRef = D06042FB2D3B269F00494D80 /* ResourcesViewController.swift */; };
		D06042FE2D3B26E400494D80 /* ProfileViewController.swift in Sources */ = {isa = PBXBuildFile; fileRef = D06042FD2D3B26E400494D80 /* ProfileViewController.swift */; };
		D06043002D3CE9AA00494D80 /* ArticleDetailViewController.swift in Sources */ = {isa = PBXBuildFile; fileRef = D06042FF2D3CE9AA00494D80 /* ArticleDetailViewController.swift */; };
		D071BEDF2CC5D27000D7D9B1 /* AppDelegate.swift in Sources */ = {isa = PBXBuildFile; fileRef = D071BEDE2CC5D27000D7D9B1 /* AppDelegate.swift */; };
		D071BEE12CC5D27000D7D9B1 /* SceneDelegate.swift in Sources */ = {isa = PBXBuildFile; fileRef = D071BEE02CC5D27000D7D9B1 /* SceneDelegate.swift */; };
		D071BEE32CC5D27000D7D9B1 /* ConnectionsGameViewController.swift in Sources */ = {isa = PBXBuildFile; fileRef = D071BEE22CC5D27000D7D9B1 /* ConnectionsGameViewController.swift */; };
		D071BEE82CC5D27100D7D9B1 /* Assets.xcassets in Resources */ = {isa = PBXBuildFile; fileRef = D071BEE72CC5D27100D7D9B1 /* Assets.xcassets */; };
		D071BEEB2CC5D27100D7D9B1 /* LaunchScreen.storyboard in Resources */ = {isa = PBXBuildFile; fileRef = D071BEE92CC5D27100D7D9B1 /* LaunchScreen.storyboard */; };
		D0B7D0262D2CAEB200D77310 /* FirebaseAnalytics in Frameworks */ = {isa = PBXBuildFile; productRef = D0B7D0252D2CAEB200D77310 /* FirebaseAnalytics */; };
		D0B7D0282D2CAEB200D77310 /* FirebaseAnalyticsOnDeviceConversion in Frameworks */ = {isa = PBXBuildFile; productRef = D0B7D0272D2CAEB200D77310 /* FirebaseAnalyticsOnDeviceConversion */; };
		D0B7D02A2D2CAEB200D77310 /* FirebaseAnalyticsWithoutAdIdSupport in Frameworks */ = {isa = PBXBuildFile; productRef = D0B7D0292D2CAEB200D77310 /* FirebaseAnalyticsWithoutAdIdSupport */; };
		D0B7D02C2D2CAEB200D77310 /* FirebaseAppCheck in Frameworks */ = {isa = PBXBuildFile; productRef = D0B7D02B2D2CAEB200D77310 /* FirebaseAppCheck */; };
		D0B7D02E2D2CAEB200D77310 /* FirebaseAppDistribution-Beta in Frameworks */ = {isa = PBXBuildFile; productRef = D0B7D02D2D2CAEB200D77310 /* FirebaseAppDistribution-Beta */; };
		D0B7D0302D2CAEB200D77310 /* FirebaseAuth in Frameworks */ = {isa = PBXBuildFile; productRef = D0B7D02F2D2CAEB200D77310 /* FirebaseAuth */; };
		D0B7D0322D2CAEB200D77310 /* FirebaseAuthCombine-Community in Frameworks */ = {isa = PBXBuildFile; productRef = D0B7D0312D2CAEB200D77310 /* FirebaseAuthCombine-Community */; };
		D0B7D0342D2CAEB200D77310 /* FirebaseCore in Frameworks */ = {isa = PBXBuildFile; productRef = D0B7D0332D2CAEB200D77310 /* FirebaseCore */; };
		D0B7D0362D2CAEB200D77310 /* FirebaseCrashlytics in Frameworks */ = {isa = PBXBuildFile; productRef = D0B7D0352D2CAEB200D77310 /* FirebaseCrashlytics */; };
		D0B7D0382D2CAEB200D77310 /* FirebaseDatabase in Frameworks */ = {isa = PBXBuildFile; productRef = D0B7D0372D2CAEB200D77310 /* FirebaseDatabase */; };
		D0B7D03A2D2CAEB200D77310 /* FirebaseDynamicLinks in Frameworks */ = {isa = PBXBuildFile; productRef = D0B7D0392D2CAEB200D77310 /* FirebaseDynamicLinks */; };
		D0B7D03C2D2CAEB200D77310 /* FirebaseFirestore in Frameworks */ = {isa = PBXBuildFile; productRef = D0B7D03B2D2CAEB200D77310 /* FirebaseFirestore */; };
		D0B7D03E2D2CAEB200D77310 /* FirebaseFirestoreCombine-Community in Frameworks */ = {isa = PBXBuildFile; productRef = D0B7D03D2D2CAEB200D77310 /* FirebaseFirestoreCombine-Community */; };
		D0B7D0402D2CAEB200D77310 /* FirebaseFunctions in Frameworks */ = {isa = PBXBuildFile; productRef = D0B7D03F2D2CAEB200D77310 /* FirebaseFunctions */; };
		D0B7D0422D2CAEB200D77310 /* FirebaseFunctionsCombine-Community in Frameworks */ = {isa = PBXBuildFile; productRef = D0B7D0412D2CAEB200D77310 /* FirebaseFunctionsCombine-Community */; };
		D0B7D0442D2CAEB200D77310 /* FirebaseInAppMessaging-Beta in Frameworks */ = {isa = PBXBuildFile; productRef = D0B7D0432D2CAEB200D77310 /* FirebaseInAppMessaging-Beta */; };
		D0B7D0462D2CAEB200D77310 /* FirebaseInstallations in Frameworks */ = {isa = PBXBuildFile; productRef = D0B7D0452D2CAEB200D77310 /* FirebaseInstallations */; };
		D0B7D0482D2CAEB200D77310 /* FirebaseMLModelDownloader in Frameworks */ = {isa = PBXBuildFile; productRef = D0B7D0472D2CAEB200D77310 /* FirebaseMLModelDownloader */; };
		D0B7D04A2D2CAEB200D77310 /* FirebaseMessaging in Frameworks */ = {isa = PBXBuildFile; productRef = D0B7D0492D2CAEB200D77310 /* FirebaseMessaging */; };
		D0B7D04C2D2CAEB200D77310 /* FirebasePerformance in Frameworks */ = {isa = PBXBuildFile; productRef = D0B7D04B2D2CAEB200D77310 /* FirebasePerformance */; };
		D0B7D04E2D2CAEB200D77310 /* FirebaseRemoteConfig in Frameworks */ = {isa = PBXBuildFile; productRef = D0B7D04D2D2CAEB200D77310 /* FirebaseRemoteConfig */; };
		D0B7D0502D2CAEB200D77310 /* FirebaseStorage in Frameworks */ = {isa = PBXBuildFile; productRef = D0B7D04F2D2CAEB200D77310 /* FirebaseStorage */; };
		D0B7D0522D2CAEB200D77310 /* FirebaseStorageCombine-Community in Frameworks */ = {isa = PBXBuildFile; productRef = D0B7D0512D2CAEB200D77310 /* FirebaseStorageCombine-Community */; };
		D0B7D0542D2CAEB200D77310 /* FirebaseVertexAI in Frameworks */ = {isa = PBXBuildFile; productRef = D0B7D0532D2CAEB200D77310 /* FirebaseVertexAI */; };
		D0B7D05B2D2CB7A200D77310 /* GoogleSignIn in Frameworks */ = {isa = PBXBuildFile; productRef = D0B7D05A2D2CB7A200D77310 /* GoogleSignIn */; };
		D0B7D05D2D2CB7A200D77310 /* GoogleSignInSwift in Frameworks */ = {isa = PBXBuildFile; productRef = D0B7D05C2D2CB7A200D77310 /* GoogleSignInSwift */; };
/* End PBXBuildFile section */

/* Begin PBXFileReference section */
		D024AF5E2D267F9B00D37210 /* OnboardingViewController.swift */ = {isa = PBXFileReference; lastKnownFileType = sourcecode.swift; path = OnboardingViewController.swift; sourceTree = "<group>"; };
		D024AF602D267FFE00D37210 /* LoginViewController.swift */ = {isa = PBXFileReference; lastKnownFileType = sourcecode.swift; path = LoginViewController.swift; sourceTree = "<group>"; };
		D02D587D2D4254890006E688 /* CatcherGameViewController.swift */ = {isa = PBXFileReference; lastKnownFileType = sourcecode.swift; path = CatcherGameViewController.swift; sourceTree = "<group>"; };
		D02D587F2D4254FC0006E688 /* QuizGameViewController.swift */ = {isa = PBXFileReference; lastKnownFileType = sourcecode.swift; path = QuizGameViewController.swift; sourceTree = "<group>"; };
		D02D58812D42562D0006E688 /* MiniGamesViewController.swift */ = {isa = PBXFileReference; lastKnownFileType = sourcecode.swift; path = MiniGamesViewController.swift; sourceTree = "<group>"; };
		D06042F72D3B202000494D80 /* LeaderboardViewController.swift */ = {isa = PBXFileReference; lastKnownFileType = sourcecode.swift; path = LeaderboardViewController.swift; sourceTree = "<group>"; };
		D06042F92D3B21A500494D80 /* GoogleService-Info.plist */ = {isa = PBXFileReference; fileEncoding = 4; lastKnownFileType = text.plist.xml; path = "GoogleService-Info.plist"; sourceTree = "<group>"; };
		D06042FB2D3B269F00494D80 /* ResourcesViewController.swift */ = {isa = PBXFileReference; lastKnownFileType = sourcecode.swift; path = ResourcesViewController.swift; sourceTree = "<group>"; };
		D06042FD2D3B26E400494D80 /* ProfileViewController.swift */ = {isa = PBXFileReference; lastKnownFileType = sourcecode.swift; path = ProfileViewController.swift; sourceTree = "<group>"; };
		D06042FF2D3CE9AA00494D80 /* ArticleDetailViewController.swift */ = {isa = PBXFileReference; lastKnownFileType = sourcecode.swift; path = ArticleDetailViewController.swift; sourceTree = "<group>"; };
		D071BEDB2CC5D27000D7D9B1 /* Senior_Design.app */ = {isa = PBXFileReference; explicitFileType = wrapper.application; includeInIndex = 0; path = Senior_Design.app; sourceTree = BUILT_PRODUCTS_DIR; };
		D071BEDE2CC5D27000D7D9B1 /* AppDelegate.swift */ = {isa = PBXFileReference; lastKnownFileType = sourcecode.swift; path = AppDelegate.swift; sourceTree = "<group>"; };
		D071BEE02CC5D27000D7D9B1 /* SceneDelegate.swift */ = {isa = PBXFileReference; lastKnownFileType = sourcecode.swift; path = SceneDelegate.swift; sourceTree = "<group>"; };
		D071BEE22CC5D27000D7D9B1 /* ConnectionsGameViewController.swift */ = {isa = PBXFileReference; lastKnownFileType = sourcecode.swift; path = ConnectionsGameViewController.swift; sourceTree = "<group>"; };
		D071BEE72CC5D27100D7D9B1 /* Assets.xcassets */ = {isa = PBXFileReference; lastKnownFileType = folder.assetcatalog; path = Assets.xcassets; sourceTree = "<group>"; };
		D071BEEA2CC5D27100D7D9B1 /* Base */ = {isa = PBXFileReference; lastKnownFileType = file.storyboard; name = Base; path = Base.lproj/LaunchScreen.storyboard; sourceTree = "<group>"; };
		D071BEEC2CC5D27100D7D9B1 /* Info.plist */ = {isa = PBXFileReference; lastKnownFileType = text.plist.xml; path = Info.plist; sourceTree = "<group>"; };
/* End PBXFileReference section */

/* Begin PBXFrameworksBuildPhase section */
		D071BED82CC5D27000D7D9B1 /* Frameworks */ = {
			isa = PBXFrameworksBuildPhase;
			buildActionMask = 2147483647;
			files = (
				D0B7D03E2D2CAEB200D77310 /* FirebaseFirestoreCombine-Community in Frameworks */,
				D0B7D0542D2CAEB200D77310 /* FirebaseVertexAI in Frameworks */,
				D0B7D0402D2CAEB200D77310 /* FirebaseFunctions in Frameworks */,
				D0B7D04C2D2CAEB200D77310 /* FirebasePerformance in Frameworks */,
				D0B7D0522D2CAEB200D77310 /* FirebaseStorageCombine-Community in Frameworks */,
				D0B7D05D2D2CB7A200D77310 /* GoogleSignInSwift in Frameworks */,
				D0B7D04E2D2CAEB200D77310 /* FirebaseRemoteConfig in Frameworks */,
				D0B7D0382D2CAEB200D77310 /* FirebaseDatabase in Frameworks */,
				D0B7D03A2D2CAEB200D77310 /* FirebaseDynamicLinks in Frameworks */,
				D0B7D02C2D2CAEB200D77310 /* FirebaseAppCheck in Frameworks */,
				D0B7D0302D2CAEB200D77310 /* FirebaseAuth in Frameworks */,
				D0B7D0262D2CAEB200D77310 /* FirebaseAnalytics in Frameworks */,
				D0B7D03C2D2CAEB200D77310 /* FirebaseFirestore in Frameworks */,
				D0B7D04A2D2CAEB200D77310 /* FirebaseMessaging in Frameworks */,
				D0B7D0462D2CAEB200D77310 /* FirebaseInstallations in Frameworks */,
				D0B7D0422D2CAEB200D77310 /* FirebaseFunctionsCombine-Community in Frameworks */,
				D0B7D05B2D2CB7A200D77310 /* GoogleSignIn in Frameworks */,
				D0B7D02E2D2CAEB200D77310 /* FirebaseAppDistribution-Beta in Frameworks */,
				D0B7D02A2D2CAEB200D77310 /* FirebaseAnalyticsWithoutAdIdSupport in Frameworks */,
				D0B7D0442D2CAEB200D77310 /* FirebaseInAppMessaging-Beta in Frameworks */,
				D0B7D0322D2CAEB200D77310 /* FirebaseAuthCombine-Community in Frameworks */,
				D0B7D0362D2CAEB200D77310 /* FirebaseCrashlytics in Frameworks */,
				D0B7D0482D2CAEB200D77310 /* FirebaseMLModelDownloader in Frameworks */,
				D0B7D0502D2CAEB200D77310 /* FirebaseStorage in Frameworks */,
				D0B7D0342D2CAEB200D77310 /* FirebaseCore in Frameworks */,
				D0B7D0282D2CAEB200D77310 /* FirebaseAnalyticsOnDeviceConversion in Frameworks */,
			);
			runOnlyForDeploymentPostprocessing = 0;
		};
/* End PBXFrameworksBuildPhase section */

/* Begin PBXGroup section */
		D071BED22CC5D27000D7D9B1 = {
			isa = PBXGroup;
			children = (
				D071BEDD2CC5D27000D7D9B1 /* Senior_Design */,
				D071BEDC2CC5D27000D7D9B1 /* Products */,
			);
			sourceTree = "<group>";
		};
		D071BEDC2CC5D27000D7D9B1 /* Products */ = {
			isa = PBXGroup;
			children = (
				D071BEDB2CC5D27000D7D9B1 /* Senior_Design.app */,
			);
			name = Products;
			sourceTree = "<group>";
		};
		D071BEDD2CC5D27000D7D9B1 /* Senior_Design */ = {
			isa = PBXGroup;
			children = (
				D024AF5E2D267F9B00D37210 /* OnboardingViewController.swift */,
				D06042F72D3B202000494D80 /* LeaderboardViewController.swift */,
				D024AF602D267FFE00D37210 /* LoginViewController.swift */,
				D071BEDE2CC5D27000D7D9B1 /* AppDelegate.swift */,
				D06042F92D3B21A500494D80 /* GoogleService-Info.plist */,
				D071BEE02CC5D27000D7D9B1 /* SceneDelegate.swift */,
				D06042FD2D3B26E400494D80 /* ProfileViewController.swift */,
				D06042FB2D3B269F00494D80 /* ResourcesViewController.swift */,
				D02D587F2D4254FC0006E688 /* QuizGameViewController.swift */,
				D02D587D2D4254890006E688 /* CatcherGameViewController.swift */,
				D02D58812D42562D0006E688 /* MiniGamesViewController.swift */,
				D06042FF2D3CE9AA00494D80 /* ArticleDetailViewController.swift */,
				D071BEE22CC5D27000D7D9B1 /* ConnectionsGameViewController.swift */,
				D071BEE72CC5D27100D7D9B1 /* Assets.xcassets */,
				D071BEE92CC5D27100D7D9B1 /* LaunchScreen.storyboard */,
				D071BEEC2CC5D27100D7D9B1 /* Info.plist */,
			);
			path = Senior_Design;
			sourceTree = "<group>";
		};
/* End PBXGroup section */

/* Begin PBXNativeTarget section */
		D071BEDA2CC5D27000D7D9B1 /* Senior_Design */ = {
			isa = PBXNativeTarget;
			buildConfigurationList = D071BEEF2CC5D27100D7D9B1 /* Build configuration list for PBXNativeTarget "Senior_Design" */;
			buildPhases = (
				D071BED72CC5D27000D7D9B1 /* Sources */,
				D071BED82CC5D27000D7D9B1 /* Frameworks */,
				D071BED92CC5D27000D7D9B1 /* Resources */,
			);
			buildRules = (
			);
			dependencies = (
			);
			name = Senior_Design;
			packageProductDependencies = (
				D0B7D0252D2CAEB200D77310 /* FirebaseAnalytics */,
				D0B7D0272D2CAEB200D77310 /* FirebaseAnalyticsOnDeviceConversion */,
				D0B7D0292D2CAEB200D77310 /* FirebaseAnalyticsWithoutAdIdSupport */,
				D0B7D02B2D2CAEB200D77310 /* FirebaseAppCheck */,
				D0B7D02D2D2CAEB200D77310 /* FirebaseAppDistribution-Beta */,
				D0B7D02F2D2CAEB200D77310 /* FirebaseAuth */,
				D0B7D0312D2CAEB200D77310 /* FirebaseAuthCombine-Community */,
				D0B7D0332D2CAEB200D77310 /* FirebaseCore */,
				D0B7D0352D2CAEB200D77310 /* FirebaseCrashlytics */,
				D0B7D0372D2CAEB200D77310 /* FirebaseDatabase */,
				D0B7D0392D2CAEB200D77310 /* FirebaseDynamicLinks */,
				D0B7D03B2D2CAEB200D77310 /* FirebaseFirestore */,
				D0B7D03D2D2CAEB200D77310 /* FirebaseFirestoreCombine-Community */,
				D0B7D03F2D2CAEB200D77310 /* FirebaseFunctions */,
				D0B7D0412D2CAEB200D77310 /* FirebaseFunctionsCombine-Community */,
				D0B7D0432D2CAEB200D77310 /* FirebaseInAppMessaging-Beta */,
				D0B7D0452D2CAEB200D77310 /* FirebaseInstallations */,
				D0B7D0472D2CAEB200D77310 /* FirebaseMLModelDownloader */,
				D0B7D0492D2CAEB200D77310 /* FirebaseMessaging */,
				D0B7D04B2D2CAEB200D77310 /* FirebasePerformance */,
				D0B7D04D2D2CAEB200D77310 /* FirebaseRemoteConfig */,
				D0B7D04F2D2CAEB200D77310 /* FirebaseStorage */,
				D0B7D0512D2CAEB200D77310 /* FirebaseStorageCombine-Community */,
				D0B7D0532D2CAEB200D77310 /* FirebaseVertexAI */,
				D0B7D05A2D2CB7A200D77310 /* GoogleSignIn */,
				D0B7D05C2D2CB7A200D77310 /* GoogleSignInSwift */,
			);
			productName = Senior_Design;
			productReference = D071BEDB2CC5D27000D7D9B1 /* Senior_Design.app */;
			productType = "com.apple.product-type.application";
		};
/* End PBXNativeTarget section */

/* Begin PBXProject section */
		D071BED32CC5D27000D7D9B1 /* Project object */ = {
			isa = PBXProject;
			attributes = {
				BuildIndependentTargetsInParallel = 1;
				LastSwiftUpdateCheck = 1520;
				LastUpgradeCheck = 1520;
				TargetAttributes = {
					D071BEDA2CC5D27000D7D9B1 = {
						CreatedOnToolsVersion = 15.2;
					};
				};
			};
			buildConfigurationList = D071BED62CC5D27000D7D9B1 /* Build configuration list for PBXProject "Senior_Design" */;
			compatibilityVersion = "Xcode 14.0";
			developmentRegion = en;
			hasScannedForEncodings = 0;
			knownRegions = (
				en,
				Base,
			);
			mainGroup = D071BED22CC5D27000D7D9B1;
			packageReferences = (
				D0B7D0242D2CAEB200D77310 /* XCRemoteSwiftPackageReference "firebase-ios-sdk" */,
				D0B7D0592D2CB7A100D77310 /* XCRemoteSwiftPackageReference "GoogleSignIn-iOS" */,
			);
			productRefGroup = D071BEDC2CC5D27000D7D9B1 /* Products */;
			projectDirPath = "";
			projectRoot = "";
			targets = (
				D071BEDA2CC5D27000D7D9B1 /* Senior_Design */,
			);
		};
/* End PBXProject section */

/* Begin PBXResourcesBuildPhase section */
		D071BED92CC5D27000D7D9B1 /* Resources */ = {
			isa = PBXResourcesBuildPhase;
			buildActionMask = 2147483647;
			files = (
				D071BEEB2CC5D27100D7D9B1 /* LaunchScreen.storyboard in Resources */,
				D06042FA2D3B21A500494D80 /* GoogleService-Info.plist in Resources */,
				D071BEE82CC5D27100D7D9B1 /* Assets.xcassets in Resources */,
			);
			runOnlyForDeploymentPostprocessing = 0;
		};
/* End PBXResourcesBuildPhase section */

/* Begin PBXSourcesBuildPhase section */
		D071BED72CC5D27000D7D9B1 /* Sources */ = {
			isa = PBXSourcesBuildPhase;
			buildActionMask = 2147483647;
			files = (
				D02D58802D4254FC0006E688 /* QuizGameViewController.swift in Sources */,
				D071BEE32CC5D27000D7D9B1 /* ConnectionsGameViewController.swift in Sources */,
				D071BEDF2CC5D27000D7D9B1 /* AppDelegate.swift in Sources */,
				D024AF5F2D267F9B00D37210 /* OnboardingViewController.swift in Sources */,
				D06042FC2D3B269F00494D80 /* ResourcesViewController.swift in Sources */,
				D024AF612D267FFE00D37210 /* LoginViewController.swift in Sources */,
				D06042F82D3B202000494D80 /* LeaderboardViewController.swift in Sources */,
				D06042FE2D3B26E400494D80 /* ProfileViewController.swift in Sources */,
				D071BEE12CC5D27000D7D9B1 /* SceneDelegate.swift in Sources */,
				D02D58822D42562D0006E688 /* MiniGamesViewController.swift in Sources */,
				D06043002D3CE9AA00494D80 /* ArticleDetailViewController.swift in Sources */,
				D02D587E2D4254890006E688 /* CatcherGameViewController.swift in Sources */,
			);
			runOnlyForDeploymentPostprocessing = 0;
		};
/* End PBXSourcesBuildPhase section */

/* Begin PBXVariantGroup section */
		D071BEE92CC5D27100D7D9B1 /* LaunchScreen.storyboard */ = {
			isa = PBXVariantGroup;
			children = (
				D071BEEA2CC5D27100D7D9B1 /* Base */,
			);
			name = LaunchScreen.storyboard;
			sourceTree = "<group>";
		};
/* End PBXVariantGroup section */

/* Begin XCBuildConfiguration section */
		D071BEED2CC5D27100D7D9B1 /* Debug */ = {
			isa = XCBuildConfiguration;
			buildSettings = {
				ALWAYS_SEARCH_USER_PATHS = NO;
				ASSETCATALOG_COMPILER_GENERATE_SWIFT_ASSET_SYMBOL_EXTENSIONS = YES;
				CLANG_ANALYZER_NONNULL = YES;
				CLANG_ANALYZER_NUMBER_OBJECT_CONVERSION = YES_AGGRESSIVE;
				CLANG_CXX_LANGUAGE_STANDARD = "gnu++20";
				CLANG_ENABLE_MODULES = YES;
				CLANG_ENABLE_OBJC_ARC = YES;
				CLANG_ENABLE_OBJC_WEAK = YES;
				CLANG_WARN_BLOCK_CAPTURE_AUTORELEASING = YES;
				CLANG_WARN_BOOL_CONVERSION = YES;
				CLANG_WARN_COMMA = YES;
				CLANG_WARN_CONSTANT_CONVERSION = YES;
				CLANG_WARN_DEPRECATED_OBJC_IMPLEMENTATIONS = YES;
				CLANG_WARN_DIRECT_OBJC_ISA_USAGE = YES_ERROR;
				CLANG_WARN_DOCUMENTATION_COMMENTS = YES;
				CLANG_WARN_EMPTY_BODY = YES;
				CLANG_WARN_ENUM_CONVERSION = YES;
				CLANG_WARN_INFINITE_RECURSION = YES;
				CLANG_WARN_INT_CONVERSION = YES;
				CLANG_WARN_NON_LITERAL_NULL_CONVERSION = YES;
				CLANG_WARN_OBJC_IMPLICIT_RETAIN_SELF = YES;
				CLANG_WARN_OBJC_LITERAL_CONVERSION = YES;
				CLANG_WARN_OBJC_ROOT_CLASS = YES_ERROR;
				CLANG_WARN_QUOTED_INCLUDE_IN_FRAMEWORK_HEADER = YES;
				CLANG_WARN_RANGE_LOOP_ANALYSIS = YES;
				CLANG_WARN_STRICT_PROTOTYPES = YES;
				CLANG_WARN_SUSPICIOUS_MOVE = YES;
				CLANG_WARN_UNGUARDED_AVAILABILITY = YES_AGGRESSIVE;
				CLANG_WARN_UNREACHABLE_CODE = YES;
				CLANG_WARN__DUPLICATE_METHOD_MATCH = YES;
				COPY_PHASE_STRIP = NO;
				DEBUG_INFORMATION_FORMAT = dwarf;
				ENABLE_STRICT_OBJC_MSGSEND = YES;
				ENABLE_TESTABILITY = YES;
				ENABLE_USER_SCRIPT_SANDBOXING = YES;
				GCC_C_LANGUAGE_STANDARD = gnu17;
				GCC_DYNAMIC_NO_PIC = NO;
				GCC_NO_COMMON_BLOCKS = YES;
				GCC_OPTIMIZATION_LEVEL = 0;
				GCC_PREPROCESSOR_DEFINITIONS = (
					"DEBUG=1",
					"$(inherited)",
				);
				GCC_WARN_64_TO_32_BIT_CONVERSION = YES;
				GCC_WARN_ABOUT_RETURN_TYPE = YES_ERROR;
				GCC_WARN_UNDECLARED_SELECTOR = YES;
				GCC_WARN_UNINITIALIZED_AUTOS = YES_AGGRESSIVE;
				GCC_WARN_UNUSED_FUNCTION = YES;
				GCC_WARN_UNUSED_VARIABLE = YES;
				IPHONEOS_DEPLOYMENT_TARGET = 17.2;
				LOCALIZATION_PREFERS_STRING_CATALOGS = YES;
				MTL_ENABLE_DEBUG_INFO = INCLUDE_SOURCE;
				MTL_FAST_MATH = YES;
				ONLY_ACTIVE_ARCH = YES;
				SDKROOT = iphoneos;
				SWIFT_ACTIVE_COMPILATION_CONDITIONS = "DEBUG $(inherited)";
				SWIFT_OPTIMIZATION_LEVEL = "-Onone";
			};
			name = Debug;
		};
		D071BEEE2CC5D27100D7D9B1 /* Release */ = {
			isa = XCBuildConfiguration;
			buildSettings = {
				ALWAYS_SEARCH_USER_PATHS = NO;
				ASSETCATALOG_COMPILER_GENERATE_SWIFT_ASSET_SYMBOL_EXTENSIONS = YES;
				CLANG_ANALYZER_NONNULL = YES;
				CLANG_ANALYZER_NUMBER_OBJECT_CONVERSION = YES_AGGRESSIVE;
				CLANG_CXX_LANGUAGE_STANDARD = "gnu++20";
				CLANG_ENABLE_MODULES = YES;
				CLANG_ENABLE_OBJC_ARC = YES;
				CLANG_ENABLE_OBJC_WEAK = YES;
				CLANG_WARN_BLOCK_CAPTURE_AUTORELEASING = YES;
				CLANG_WARN_BOOL_CONVERSION = YES;
				CLANG_WARN_COMMA = YES;
				CLANG_WARN_CONSTANT_CONVERSION = YES;
				CLANG_WARN_DEPRECATED_OBJC_IMPLEMENTATIONS = YES;
				CLANG_WARN_DIRECT_OBJC_ISA_USAGE = YES_ERROR;
				CLANG_WARN_DOCUMENTATION_COMMENTS = YES;
				CLANG_WARN_EMPTY_BODY = YES;
				CLANG_WARN_ENUM_CONVERSION = YES;
				CLANG_WARN_INFINITE_RECURSION = YES;
				CLANG_WARN_INT_CONVERSION = YES;
				CLANG_WARN_NON_LITERAL_NULL_CONVERSION = YES;
				CLANG_WARN_OBJC_IMPLICIT_RETAIN_SELF = YES;
				CLANG_WARN_OBJC_LITERAL_CONVERSION = YES;
				CLANG_WARN_OBJC_ROOT_CLASS = YES_ERROR;
				CLANG_WARN_QUOTED_INCLUDE_IN_FRAMEWORK_HEADER = YES;
				CLANG_WARN_RANGE_LOOP_ANALYSIS = YES;
				CLANG_WARN_STRICT_PROTOTYPES = YES;
				CLANG_WARN_SUSPICIOUS_MOVE = YES;
				CLANG_WARN_UNGUARDED_AVAILABILITY = YES_AGGRESSIVE;
				CLANG_WARN_UNREACHABLE_CODE = YES;
				CLANG_WARN__DUPLICATE_METHOD_MATCH = YES;
				COPY_PHASE_STRIP = NO;
				DEBUG_INFORMATION_FORMAT = "dwarf-with-dsym";
				ENABLE_NS_ASSERTIONS = NO;
				ENABLE_STRICT_OBJC_MSGSEND = YES;
				ENABLE_USER_SCRIPT_SANDBOXING = YES;
				GCC_C_LANGUAGE_STANDARD = gnu17;
				GCC_NO_COMMON_BLOCKS = YES;
				GCC_WARN_64_TO_32_BIT_CONVERSION = YES;
				GCC_WARN_ABOUT_RETURN_TYPE = YES_ERROR;
				GCC_WARN_UNDECLARED_SELECTOR = YES;
				GCC_WARN_UNINITIALIZED_AUTOS = YES_AGGRESSIVE;
				GCC_WARN_UNUSED_FUNCTION = YES;
				GCC_WARN_UNUSED_VARIABLE = YES;
				IPHONEOS_DEPLOYMENT_TARGET = 17.2;
				LOCALIZATION_PREFERS_STRING_CATALOGS = YES;
				MTL_ENABLE_DEBUG_INFO = NO;
				MTL_FAST_MATH = YES;
				SDKROOT = iphoneos;
				SWIFT_COMPILATION_MODE = wholemodule;
				VALIDATE_PRODUCT = YES;
			};
			name = Release;
		};
		D071BEF02CC5D27100D7D9B1 /* Debug */ = {
			isa = XCBuildConfiguration;
			buildSettings = {
				ASSETCATALOG_COMPILER_APPICON_NAME = AppIcon;
				ASSETCATALOG_COMPILER_GLOBAL_ACCENT_COLOR_NAME = AccentColor;
				CODE_SIGN_STYLE = Automatic;
				CURRENT_PROJECT_VERSION = 1;
				DEVELOPMENT_TEAM = ZTGY33D692;
				GENERATE_INFOPLIST_FILE = YES;
				INFOPLIST_FILE = Senior_Design/Info.plist;
				INFOPLIST_KEY_UIApplicationSupportsIndirectInputEvents = YES;
				INFOPLIST_KEY_UILaunchStoryboardName = LaunchScreen;
				INFOPLIST_KEY_UISupportedInterfaceOrientations_iPad = "UIInterfaceOrientationPortrait UIInterfaceOrientationPortraitUpsideDown UIInterfaceOrientationLandscapeLeft UIInterfaceOrientationLandscapeRight";
				INFOPLIST_KEY_UISupportedInterfaceOrientations_iPhone = "UIInterfaceOrientationPortrait UIInterfaceOrientationLandscapeLeft UIInterfaceOrientationLandscapeRight";
				LD_RUNPATH_SEARCH_PATHS = (
					"$(inherited)",
					"@executable_path/Frameworks",
				);
				MARKETING_VERSION = 1.0;
				PRODUCT_BUNDLE_IDENTIFIER = com.wastemanagement;
				PRODUCT_NAME = "$(TARGET_NAME)";
				SWIFT_EMIT_LOC_STRINGS = YES;
				SWIFT_VERSION = 5.0;
				TARGETED_DEVICE_FAMILY = "1,2";
			};
			name = Debug;
		};
		D071BEF12CC5D27100D7D9B1 /* Release */ = {
			isa = XCBuildConfiguration;
			buildSettings = {
				ASSETCATALOG_COMPILER_APPICON_NAME = AppIcon;
				ASSETCATALOG_COMPILER_GLOBAL_ACCENT_COLOR_NAME = AccentColor;
				CODE_SIGN_STYLE = Automatic;
				CURRENT_PROJECT_VERSION = 1;
				DEVELOPMENT_TEAM = ZTGY33D692;
				GENERATE_INFOPLIST_FILE = YES;
				INFOPLIST_FILE = Senior_Design/Info.plist;
				INFOPLIST_KEY_UIApplicationSupportsIndirectInputEvents = YES;
				INFOPLIST_KEY_UILaunchStoryboardName = LaunchScreen;
				INFOPLIST_KEY_UISupportedInterfaceOrientations_iPad = "UIInterfaceOrientationPortrait UIInterfaceOrientationPortraitUpsideDown UIInterfaceOrientationLandscapeLeft UIInterfaceOrientationLandscapeRight";
				INFOPLIST_KEY_UISupportedInterfaceOrientations_iPhone = "UIInterfaceOrientationPortrait UIInterfaceOrientationLandscapeLeft UIInterfaceOrientationLandscapeRight";
				LD_RUNPATH_SEARCH_PATHS = (
					"$(inherited)",
					"@executable_path/Frameworks",
				);
				MARKETING_VERSION = 1.0;
				PRODUCT_BUNDLE_IDENTIFIER = com.wastemanagement;
				PRODUCT_NAME = "$(TARGET_NAME)";
				SWIFT_EMIT_LOC_STRINGS = YES;
				SWIFT_VERSION = 5.0;
				TARGETED_DEVICE_FAMILY = "1,2";
			};
			name = Release;
		};
/* End XCBuildConfiguration section */

/* Begin XCConfigurationList section */
		D071BED62CC5D27000D7D9B1 /* Build configuration list for PBXProject "Senior_Design" */ = {
			isa = XCConfigurationList;
			buildConfigurations = (
				D071BEED2CC5D27100D7D9B1 /* Debug */,
				D071BEEE2CC5D27100D7D9B1 /* Release */,
			);
			defaultConfigurationIsVisible = 0;
			defaultConfigurationName = Release;
		};
		D071BEEF2CC5D27100D7D9B1 /* Build configuration list for PBXNativeTarget "Senior_Design" */ = {
			isa = XCConfigurationList;
			buildConfigurations = (
				D071BEF02CC5D27100D7D9B1 /* Debug */,
				D071BEF12CC5D27100D7D9B1 /* Release */,
			);
			defaultConfigurationIsVisible = 0;
			defaultConfigurationName = Release;
		};
/* End XCConfigurationList section */

/* Begin XCRemoteSwiftPackageReference section */
		D0B7D0242D2CAEB200D77310 /* XCRemoteSwiftPackageReference "firebase-ios-sdk" */ = {
			isa = XCRemoteSwiftPackageReference;
			repositoryURL = "https://github.com/firebase/firebase-ios-sdk";
			requirement = {
				kind = upToNextMajorVersion;
				minimumVersion = 11.6.0;
			};
		};
		D0B7D0592D2CB7A100D77310 /* XCRemoteSwiftPackageReference "GoogleSignIn-iOS" */ = {
			isa = XCRemoteSwiftPackageReference;
			repositoryURL = "https://github.com/google/GoogleSignIn-iOS";
			requirement = {
				kind = upToNextMajorVersion;
				minimumVersion = 8.0.0;
			};
		};
/* End XCRemoteSwiftPackageReference section */

/* Begin XCSwiftPackageProductDependency section */
		D0B7D0252D2CAEB200D77310 /* FirebaseAnalytics */ = {
			isa = XCSwiftPackageProductDependency;
			package = D0B7D0242D2CAEB200D77310 /* XCRemoteSwiftPackageReference "firebase-ios-sdk" */;
			productName = FirebaseAnalytics;
		};
		D0B7D0272D2CAEB200D77310 /* FirebaseAnalyticsOnDeviceConversion */ = {
			isa = XCSwiftPackageProductDependency;
			package = D0B7D0242D2CAEB200D77310 /* XCRemoteSwiftPackageReference "firebase-ios-sdk" */;
			productName = FirebaseAnalyticsOnDeviceConversion;
		};
		D0B7D0292D2CAEB200D77310 /* FirebaseAnalyticsWithoutAdIdSupport */ = {
			isa = XCSwiftPackageProductDependency;
			package = D0B7D0242D2CAEB200D77310 /* XCRemoteSwiftPackageReference "firebase-ios-sdk" */;
			productName = FirebaseAnalyticsWithoutAdIdSupport;
		};
		D0B7D02B2D2CAEB200D77310 /* FirebaseAppCheck */ = {
			isa = XCSwiftPackageProductDependency;
			package = D0B7D0242D2CAEB200D77310 /* XCRemoteSwiftPackageReference "firebase-ios-sdk" */;
			productName = FirebaseAppCheck;
		};
		D0B7D02D2D2CAEB200D77310 /* FirebaseAppDistribution-Beta */ = {
			isa = XCSwiftPackageProductDependency;
			package = D0B7D0242D2CAEB200D77310 /* XCRemoteSwiftPackageReference "firebase-ios-sdk" */;
			productName = "FirebaseAppDistribution-Beta";
		};
		D0B7D02F2D2CAEB200D77310 /* FirebaseAuth */ = {
			isa = XCSwiftPackageProductDependency;
			package = D0B7D0242D2CAEB200D77310 /* XCRemoteSwiftPackageReference "firebase-ios-sdk" */;
			productName = FirebaseAuth;
		};
		D0B7D0312D2CAEB200D77310 /* FirebaseAuthCombine-Community */ = {
			isa = XCSwiftPackageProductDependency;
			package = D0B7D0242D2CAEB200D77310 /* XCRemoteSwiftPackageReference "firebase-ios-sdk" */;
			productName = "FirebaseAuthCombine-Community";
		};
		D0B7D0332D2CAEB200D77310 /* FirebaseCore */ = {
			isa = XCSwiftPackageProductDependency;
			package = D0B7D0242D2CAEB200D77310 /* XCRemoteSwiftPackageReference "firebase-ios-sdk" */;
			productName = FirebaseCore;
		};
		D0B7D0352D2CAEB200D77310 /* FirebaseCrashlytics */ = {
			isa = XCSwiftPackageProductDependency;
			package = D0B7D0242D2CAEB200D77310 /* XCRemoteSwiftPackageReference "firebase-ios-sdk" */;
			productName = FirebaseCrashlytics;
		};
		D0B7D0372D2CAEB200D77310 /* FirebaseDatabase */ = {
			isa = XCSwiftPackageProductDependency;
			package = D0B7D0242D2CAEB200D77310 /* XCRemoteSwiftPackageReference "firebase-ios-sdk" */;
			productName = FirebaseDatabase;
		};
		D0B7D0392D2CAEB200D77310 /* FirebaseDynamicLinks */ = {
			isa = XCSwiftPackageProductDependency;
			package = D0B7D0242D2CAEB200D77310 /* XCRemoteSwiftPackageReference "firebase-ios-sdk" */;
			productName = FirebaseDynamicLinks;
		};
		D0B7D03B2D2CAEB200D77310 /* FirebaseFirestore */ = {
			isa = XCSwiftPackageProductDependency;
			package = D0B7D0242D2CAEB200D77310 /* XCRemoteSwiftPackageReference "firebase-ios-sdk" */;
			productName = FirebaseFirestore;
		};
		D0B7D03D2D2CAEB200D77310 /* FirebaseFirestoreCombine-Community */ = {
			isa = XCSwiftPackageProductDependency;
			package = D0B7D0242D2CAEB200D77310 /* XCRemoteSwiftPackageReference "firebase-ios-sdk" */;
			productName = "FirebaseFirestoreCombine-Community";
		};
		D0B7D03F2D2CAEB200D77310 /* FirebaseFunctions */ = {
			isa = XCSwiftPackageProductDependency;
			package = D0B7D0242D2CAEB200D77310 /* XCRemoteSwiftPackageReference "firebase-ios-sdk" */;
			productName = FirebaseFunctions;
		};
		D0B7D0412D2CAEB200D77310 /* FirebaseFunctionsCombine-Community */ = {
			isa = XCSwiftPackageProductDependency;
			package = D0B7D0242D2CAEB200D77310 /* XCRemoteSwiftPackageReference "firebase-ios-sdk" */;
			productName = "FirebaseFunctionsCombine-Community";
		};
		D0B7D0432D2CAEB200D77310 /* FirebaseInAppMessaging-Beta */ = {
			isa = XCSwiftPackageProductDependency;
			package = D0B7D0242D2CAEB200D77310 /* XCRemoteSwiftPackageReference "firebase-ios-sdk" */;
			productName = "FirebaseInAppMessaging-Beta";
		};
		D0B7D0452D2CAEB200D77310 /* FirebaseInstallations */ = {
			isa = XCSwiftPackageProductDependency;
			package = D0B7D0242D2CAEB200D77310 /* XCRemoteSwiftPackageReference "firebase-ios-sdk" */;
			productName = FirebaseInstallations;
		};
		D0B7D0472D2CAEB200D77310 /* FirebaseMLModelDownloader */ = {
			isa = XCSwiftPackageProductDependency;
			package = D0B7D0242D2CAEB200D77310 /* XCRemoteSwiftPackageReference "firebase-ios-sdk" */;
			productName = FirebaseMLModelDownloader;
		};
		D0B7D0492D2CAEB200D77310 /* FirebaseMessaging */ = {
			isa = XCSwiftPackageProductDependency;
			package = D0B7D0242D2CAEB200D77310 /* XCRemoteSwiftPackageReference "firebase-ios-sdk" */;
			productName = FirebaseMessaging;
		};
		D0B7D04B2D2CAEB200D77310 /* FirebasePerformance */ = {
			isa = XCSwiftPackageProductDependency;
			package = D0B7D0242D2CAEB200D77310 /* XCRemoteSwiftPackageReference "firebase-ios-sdk" */;
			productName = FirebasePerformance;
		};
		D0B7D04D2D2CAEB200D77310 /* FirebaseRemoteConfig */ = {
			isa = XCSwiftPackageProductDependency;
			package = D0B7D0242D2CAEB200D77310 /* XCRemoteSwiftPackageReference "firebase-ios-sdk" */;
			productName = FirebaseRemoteConfig;
		};
		D0B7D04F2D2CAEB200D77310 /* FirebaseStorage */ = {
			isa = XCSwiftPackageProductDependency;
			package = D0B7D0242D2CAEB200D77310 /* XCRemoteSwiftPackageReference "firebase-ios-sdk" */;
			productName = FirebaseStorage;
		};
		D0B7D0512D2CAEB200D77310 /* FirebaseStorageCombine-Community */ = {
			isa = XCSwiftPackageProductDependency;
			package = D0B7D0242D2CAEB200D77310 /* XCRemoteSwiftPackageReference "firebase-ios-sdk" */;
			productName = "FirebaseStorageCombine-Community";
		};
		D0B7D0532D2CAEB200D77310 /* FirebaseVertexAI */ = {
			isa = XCSwiftPackageProductDependency;
			package = D0B7D0242D2CAEB200D77310 /* XCRemoteSwiftPackageReference "firebase-ios-sdk" */;
			productName = FirebaseVertexAI;
		};
		D0B7D05A2D2CB7A200D77310 /* GoogleSignIn */ = {
			isa = XCSwiftPackageProductDependency;
			package = D0B7D0592D2CB7A100D77310 /* XCRemoteSwiftPackageReference "GoogleSignIn-iOS" */;
			productName = GoogleSignIn;
		};
		D0B7D05C2D2CB7A200D77310 /* GoogleSignInSwift */ = {
			isa = XCSwiftPackageProductDependency;
			package = D0B7D0592D2CB7A100D77310 /* XCRemoteSwiftPackageReference "GoogleSignIn-iOS" */;
			productName = GoogleSignInSwift;
		};
/* End XCSwiftPackageProductDependency section */
	};
	rootObject = D071BED32CC5D27000D7D9B1 /* Project object */;
}
